<?xml version="1.0" encoding="utf-8"?>
<Project ToolsVersion="4.0" xmlns="http://schemas.microsoft.com/developer/msbuild/2003">
  <ItemGroup>
    <ClCompile Include="charging.cpp" />
    <ClCompile Include="CommandQueue.cpp">
      <Filter>Source Files</Filter>
    </ClCompile>
    <ClCompile Include="DoubleClickedButton.cpp">
      <Filter>Source Files</Filter>
    </ClCompile>
    <ClCompile Include="init.cpp">
      <Filter>Source Files</Filter>
    </ClCompile>
    <ClCompile Include="LoginDialog.cpp">
      <Filter>Source Files</Filter>
    </ClCompile>
    <ClCompile Include="main.cpp">
      <Filter>Source Files</Filter>
    </ClCompile>
    <ClCompile Include="MessageBoxCus.cpp">
      <Filter>Source Files</Filter>
    </ClCompile>
    <ClCompile Include="operatoreDBFile.cpp">
      <Filter>Source Files</Filter>
    </ClCompile>
    <ClCompile Include="operatorfile.cpp">
      <Filter>Source Files</Filter>
    </ClCompile>
    <ClCompile Include="qextserialbase.cpp">
      <Filter>Source Files</Filter>
    </ClCompile>
    <ClCompile Include="GeneratedFiles\qrc_charging.cpp">
      <Filter>Source Files</Filter>
    </ClCompile>
    <ClCompile Include="ReadIniFile.cpp">
      <Filter>Source Files</Filter>
    </ClCompile>
    <ClCompile Include="serial_op.cpp">
      <Filter>Source Files</Filter>
    </ClCompile>
    <ClCompile Include="SerialPort.cpp">
      <Filter>Source Files</Filter>
    </ClCompile>
    <ClCompile Include="thread.cpp">
      <Filter>Source Files</Filter>
    </ClCompile>
    <ClCompile Include="timer.cpp">
      <Filter>Source Files</Filter>
    </ClCompile>
    <ClCompile Include="GeneratedFiles\Debug\moc_charging.cpp">
      <Filter>Generated Files</Filter>
    </ClCompile>
    <ClCompile Include="GeneratedFiles\Debug\moc_CommandQueue.cpp">
      <Filter>Generated Files</Filter>
    </ClCompile>
    <ClCompile Include="GeneratedFiles\Debug\moc_DoubleClickedButton.cpp">
      <Filter>Generated Files</Filter>
    </ClCompile>
    <ClCompile Include="GeneratedFiles\Debug\moc_LoginDialog.cpp">
      <Filter>Generated Files</Filter>
    </ClCompile>
    <ClCompile Include="GeneratedFiles\Debug\moc_MessageBoxCus.cpp">
      <Filter>Generated Files</Filter>
    </ClCompile>
    <ClCompile Include="GeneratedFiles\Debug\moc_qextserialbase.cpp">
      <Filter>Generated Files</Filter>
    </ClCompile>
    <ClCompile Include="GeneratedFiles\Debug\moc_ui_charg_grid.cpp">
      <Filter>Generated Files</Filter>
    </ClCompile>
    <ClCompile Include="GeneratedFiles\Debug\moc_win_qextserialport.cpp">
      <Filter>Generated Files</Filter>
    </ClCompile>
    <ClCompile Include="useful.cpp">
      <Filter>Source Files</Filter>
    </ClCompile>
    <ClCompile Include="ui_charg_grid.cpp">
      <Filter>Source Files</Filter>
    </ClCompile>
    <ClCompile Include="ui_show.cpp">
      <Filter>Source Files</Filter>
    </ClCompile>
    <ClCompile Include="ToCanDeviceProcess.cpp">
      <Filter>Source Files</Filter>
    </ClCompile>
    <ClCompile Include="CommonFunction.cpp" />
    <ClCompile Include="CanProcess.cpp">
      <Filter>Source Files</Filter>
    </ClCompile>
  </ItemGroup>
  <ItemGroup>
    <CustomBuild Include="charging.qrc" />
    <CustomBuild Include="charging.ui">
      <Filter>Form Files</Filter>
    </CustomBuild>
    <CustomBuild Include="loginDialog.ui">
      <Filter>Form Files</Filter>
    </CustomBuild>
    <CustomBuild Include="messageBoxCus.ui">
      <Filter>Form Files</Filter>
    </CustomBuild>
    <CustomBuild Include="charging.h">
      <Filter>Header Files</Filter>
    </CustomBuild>
    <CustomBuild Include="CommandQueue.h">
      <Filter>Header Files</Filter>
    </CustomBuild>
    <CustomBuild Include="..\common\common.h">
      <Filter>Header Files</Filter>
    </CustomBuild>
    <CustomBuild Include="data_send.h">
      <Filter>Header Files</Filter>
    </CustomBuild>
    <CustomBuild Include="DoubleClickedButton.h">
      <Filter>Header Files</Filter>
    </CustomBuild>
    <CustomBuild Include="..\common\errorCode.h">
      <Filter>Header Files</Filter>
    </CustomBuild>
    <CustomBuild Include="LoginDialog.h">
      <Filter>Header Files</Filter>
    </CustomBuild>
    <CustomBuild Include="MessageBoxCus.h">
      <Filter>Header Files</Filter>
    </CustomBuild>
    <CustomBuild Include="operatoreDBFile.h">
      <Filter>Header Files</Filter>
    </CustomBuild>
    <CustomBuild Include="operatorfile.h">
      <Filter>Header Files</Filter>
    </CustomBuild>
    <CustomBuild Include="qextserialbase.h">
      <Filter>Header Files</Filter>
    </CustomBuild>
    <CustomBuild Include="ReadIniFile.h">
      <Filter>Header Files</Filter>
    </CustomBuild>
    <CustomBuild Include="resource.h">
      <Filter>Header Files</Filter>
    </CustomBuild>
    <CustomBuild Include="SerialPort.h">
      <Filter>Header Files</Filter>
    </CustomBuild>
    <CustomBuild Include="..\common\typedef.h">
      <Filter>Header Files</Filter>
    </CustomBuild>
    <CustomBuild Include="GeneratedFiles\ui_loginDialog.h">
      <Filter>Header Files</Filter>
    </CustomBuild>
    <CustomBuild Include="GeneratedFiles\ui_charging.h">
      <Filter>Header Files</Filter>
    </CustomBuild>
    <CustomBuild Include="ui_charg_grid.h">
      <Filter>Header Files</Filter>
    </CustomBuild>
    <CustomBuild Include="GeneratedFiles\ui_messageBoxCus.h">
      <Filter>Header Files</Filter>
    </CustomBuild>
    <CustomBuild Include="CommonFunction.h" />
    <CustomBuild Include="CanProcess.h">
      <Filter>Header Files</Filter>
    </CustomBuild>
  </ItemGroup>
  <ItemGroup>
    <ResourceCompile Include="charging.rc" />
  </ItemGroup>
  <ItemGroup>
    <Filter Include="Form Files">
      <UniqueIdentifier>{c06ac710-4581-4df0-a8ef-fa1d09ed1069}</UniqueIdentifier>
    </Filter>
    <Filter Include="Source Files">
      <UniqueIdentifier>{7a516327-6fb8-4c54-9c61-4a6259fbb08b}</UniqueIdentifier>
    </Filter>
    <Filter Include="Header Files">
      <UniqueIdentifier>{23c7ef73-5a90-4e42-aaaf-fb4aeb1ca2a8}</UniqueIdentifier>
    </Filter>
    <Filter Include="Generated Files">
      <UniqueIdentifier>{fa3e246e-4f74-4441-b8fd-8a5516d3f2c7}</UniqueIdentifier>
    </Filter>
  </ItemGroup>
</Project>